
Microsoft Visual Studio Solution File, Format Version 12.00
# Visual Studio Version 16
VisualStudioVersion = 16.0.31019.35
MinimumVisualStudioVersion = 10.0.40219.1
Project("{8BC9CEB8-8B4A-11D0-8D11-00A0C91BC942}") = "TVTestSrc", "TVTestSrc\TVTestSrc.vcxproj", "{6CF097E1-69E6-4D9C-A038-17F88DF384A3}"
EndProject
Project("{8BC9CEB8-8B4A-11D0-8D11-00A0C91BC942}") = "TSMemory", "TSMemory\TSMemory.vcxproj", "{56B2D258-2419-4F96-864F-4C2C59C56018}"
EndProject
Project("{8BC9CEB8-8B4A-11D0-8D11-00A0C91BC942}") = "CaptureUtil", "CaptureUtil\CaptureUtil.vcxproj", "{C294E6D0-C070-41F3-B1BB-FDA7306F0658}"
EndProject
Global
	GlobalSection(SolutionConfigurationPlatforms) = preSolution
		Debug|Win32 = Debug|Win32
		Debug|x64 = Debug|x64
		Release|Win32 = Release|Win32
		Release|x64 = Release|x64
	EndGlobalSection
	GlobalSection(ProjectConfigurationPlatforms) = postSolution
		{6CF097E1-69E6-4D9C-A038-17F88DF384A3}.Debug|Win32.ActiveCfg = Debug|Win32
		{6CF097E1-69E6-4D9C-A038-17F88DF384A3}.Debug|Win32.Build.0 = Debug|Win32
		{6CF097E1-69E6-4D9C-A038-17F88DF384A3}.Debug|x64.ActiveCfg = Debug|x64
		{6CF097E1-69E6-4D9C-A038-17F88DF384A3}.Release|Win32.ActiveCfg = Release|Win32
		{6CF097E1-69E6-4D9C-A038-17F88DF384A3}.Release|Win32.Build.0 = Release|Win32
		{6CF097E1-69E6-4D9C-A038-17F88DF384A3}.Release|x64.ActiveCfg = Release|x64
		{56B2D258-2419-4F96-864F-4C2C59C56018}.Debug|Win32.ActiveCfg = Debug|Win32
		{56B2D258-2419-4F96-864F-4C2C59C56018}.Debug|Win32.Build.0 = Debug|Win32
		{56B2D258-2419-4F96-864F-4C2C59C56018}.Debug|x64.ActiveCfg = Debug|x64
		{56B2D258-2419-4F96-864F-4C2C59C56018}.Debug|x64.Build.0 = Debug|x64
		{56B2D258-2419-4F96-864F-4C2C59C56018}.Release|Win32.ActiveCfg = Release|Win32
		{56B2D258-2419-4F96-864F-4C2C59C56018}.Release|Win32.Build.0 = Release|Win32
		{56B2D258-2419-4F96-864F-4C2C59C56018}.Release|x64.ActiveCfg = Release|x64
		{56B2D258-2419-4F96-864F-4C2C59C56018}.Release|x64.Build.0 = Release|x64
		{C294E6D0-C070-41F3-B1BB-FDA7306F0658}.Debug|Win32.ActiveCfg = Debug|Win32
		{C294E6D0-C070-41F3-B1BB-FDA7306F0658}.Debug|Win32.Build.0 = Debug|Win32
		{C294E6D0-C070-41F3-B1BB-FDA7306F0658}.Debug|x64.ActiveCfg = Debug|x64
		{C294E6D0-C070-41F3-B1BB-FDA7306F0658}.Release|Win32.ActiveCfg = Release|Win32
		{C294E6D0-C070-41F3-B1BB-FDA7306F0658}.Release|Win32.Build.0 = Release|Win32
		{C294E6D0-C070-41F3-B1BB-FDA7306F0658}.Release|x64.ActiveCfg = Release|x64
	EndGlobalSection
	GlobalSection(SolutionProperties) = preSolution
		HideSolutionNode = FALSE
	EndGlobalSection
	GlobalSection(ExtensibilityGlobals) = postSolution
		SolutionGuid = {8BAEDA61-8B1F-4576-BEDE-440460AEAEE4}
	EndGlobalSection
EndGlobal
